// !$*UTF8*$!
{
	archiveVersion = 1;
	classes = {
	};
	objectVersion = 50;
	objects = {

/* Begin PBXBuildFile section */
		0D10B90221257EE50009D110 /* ChatsViewController.swift in Sources */ = {isa = PBXBuildFile; fileRef = 0D10B90121257EE50009D110 /* ChatsViewController.swift */; };
		0D10B904212582590009D110 /* Chat.swift in Sources */ = {isa = PBXBuildFile; fileRef = 0D10B903212582590009D110 /* Chat.swift */; };
		0D10B9062125A0CD0009D110 /* ChatsTableViewCell.swift in Sources */ = {isa = PBXBuildFile; fileRef = 0D10B9052125A0CD0009D110 /* ChatsTableViewCell.swift */; };
		0D19988D21180CF20096A064 /* FriendsPhoto.swift in Sources */ = {isa = PBXBuildFile; fileRef = 0D19988C21180CF20096A064 /* FriendsPhoto.swift */; };
		0D1A65902106FDBF0047BFBB /* VKLoginViewController.swift in Sources */ = {isa = PBXBuildFile; fileRef = 0D1A658F2106FDBF0047BFBB /* VKLoginViewController.swift */; };
		0D1A65942106FEC50047BFBB /* VKAuthService.swift in Sources */ = {isa = PBXBuildFile; fileRef = 0D1A65932106FEC50047BFBB /* VKAuthService.swift */; };
		0D1A65962106FFA90047BFBB /* VKApiService.swift in Sources */ = {isa = PBXBuildFile; fileRef = 0D1A65952106FFA90047BFBB /* VKApiService.swift */; };
		0D1A65982107076D0047BFBB /* UserData.swift in Sources */ = {isa = PBXBuildFile; fileRef = 0D1A65972107076D0047BFBB /* UserData.swift */; };
		0D21E45321059ED700496350 /* MyFriendPhotoCollectionViewController.swift in Sources */ = {isa = PBXBuildFile; fileRef = 0D21E45221059ED700496350 /* MyFriendPhotoCollectionViewController.swift */; };
		0D21E45521059EFD00496350 /* FriendPhotoCollectionViewCell.swift in Sources */ = {isa = PBXBuildFile; fileRef = 0D21E45421059EFD00496350 /* FriendPhotoCollectionViewCell.swift */; };
		0D5C62B72101B6F8002F6786 /* MyFriendsTableViewController.swift in Sources */ = {isa = PBXBuildFile; fileRef = 0D5C62B62101B6F8002F6786 /* MyFriendsTableViewController.swift */; };
		0D5C62B92101B70C002F6786 /* FriendTableViewCell.swift in Sources */ = {isa = PBXBuildFile; fileRef = 0D5C62B82101B70C002F6786 /* FriendTableViewCell.swift */; };
		0D5C62BC2101BB8C002F6786 /* MyGroupsTableViewController.swift in Sources */ = {isa = PBXBuildFile; fileRef = 0D5C62BB2101BB8C002F6786 /* MyGroupsTableViewController.swift */; };
		0D5C62BE2101BB9D002F6786 /* GroupTableViewCell.swift in Sources */ = {isa = PBXBuildFile; fileRef = 0D5C62BD2101BB9D002F6786 /* GroupTableViewCell.swift */; };
		0D5C62C121020BC9002F6786 /* AllGroupsTableViewCell.swift in Sources */ = {isa = PBXBuildFile; fileRef = 0D5C62C021020BC9002F6786 /* AllGroupsTableViewCell.swift */; };
		0D5C62C321020BE0002F6786 /* AllGroupsTableViewController.swift in Sources */ = {isa = PBXBuildFile; fileRef = 0D5C62C221020BE0002F6786 /* AllGroupsTableViewController.swift */; };
		0D6649732124448F0074B6B3 /* NewsFeedTableViewController.swift in Sources */ = {isa = PBXBuildFile; fileRef = 0D6649722124448F0074B6B3 /* NewsFeedTableViewController.swift */; };
		0D664975212444C00074B6B3 /* NewsFeedPostTableViewCell.swift in Sources */ = {isa = PBXBuildFile; fileRef = 0D664974212444C00074B6B3 /* NewsFeedPostTableViewCell.swift */; };
		0D664977212444E10074B6B3 /* NewsFeedPhotoTableViewCell.swift in Sources */ = {isa = PBXBuildFile; fileRef = 0D664976212444E10074B6B3 /* NewsFeedPhotoTableViewCell.swift */; };
		0D664979212445B40074B6B3 /* News.swift in Sources */ = {isa = PBXBuildFile; fileRef = 0D664978212445B40074B6B3 /* News.swift */; };
		0D7AF9DD2119C9E70079A02F /* DataSource.swift in Sources */ = {isa = PBXBuildFile; fileRef = 0D7AF9DC2119C9E70079A02F /* DataSource.swift */; };
		0D84C94821176E310096D562 /* UIVeiw.swift in Sources */ = {isa = PBXBuildFile; fileRef = 0D84C94721176E310096D562 /* UIVeiw.swift */; };
		0D84C94A2117737D0096D562 /* DataBase.swift in Sources */ = {isa = PBXBuildFile; fileRef = 0D84C9492117737D0096D562 /* DataBase.swift */; };
		0DB0D3362125B5C100AF3029 /* Date+DateFormatter.swift in Sources */ = {isa = PBXBuildFile; fileRef = 0DB0D3352125B5C100AF3029 /* Date+DateFormatter.swift */; };
		0DC6340D2158D0920085F072 /* MessagesViewController.swift in Sources */ = {isa = PBXBuildFile; fileRef = 0DC6340C2158D0920085F072 /* MessagesViewController.swift */; };
		0DC6340F2158D0BB0085F072 /* OutcommingMessageTableViewCell.swift in Sources */ = {isa = PBXBuildFile; fileRef = 0DC6340E2158D0BB0085F072 /* OutcommingMessageTableViewCell.swift */; };
		0DC634112158D0CF0085F072 /* IncommingMessageTableViewCell.swift in Sources */ = {isa = PBXBuildFile; fileRef = 0DC634102158D0CF0085F072 /* IncommingMessageTableViewCell.swift */; };
		0DC634152158DCD20085F072 /* Message.swift in Sources */ = {isa = PBXBuildFile; fileRef = 0DC634142158DCD20085F072 /* Message.swift */; };
		0DC70B1D21070BAA009CA2AB /* Groups.swift in Sources */ = {isa = PBXBuildFile; fileRef = 0DC70B1C21070BAA009CA2AB /* Groups.swift */; };
		0DC70B1F21070BBD009CA2AB /* Friends.swift in Sources */ = {isa = PBXBuildFile; fileRef = 0DC70B1E21070BBD009CA2AB /* Friends.swift */; };
		0DCB814E2142808D0074D8FB /* GoogleService-Info.plist in Resources */ = {isa = PBXBuildFile; fileRef = 0DCB814D2142808D0074D8FB /* GoogleService-Info.plist */; };
		0DCB8150214284780074D8FB /* FirebaseService.swift in Sources */ = {isa = PBXBuildFile; fileRef = 0DCB814F214284780074D8FB /* FirebaseService.swift */; };
		0DDFCBF7215A2A7700F6EC3D /* SaveMessagesOperation.swift in Sources */ = {isa = PBXBuildFile; fileRef = 0DDFCBF4215A2A7700F6EC3D /* SaveMessagesOperation.swift */; };
		0DDFCBF8215A2A7700F6EC3D /* GetMessagesOperation.swift in Sources */ = {isa = PBXBuildFile; fileRef = 0DDFCBF5215A2A7700F6EC3D /* GetMessagesOperation.swift */; };
		0DDFCBF9215A2A7700F6EC3D /* AsyncOperation.swift in Sources */ = {isa = PBXBuildFile; fileRef = 0DDFCBF6215A2A7700F6EC3D /* AsyncOperation.swift */; };
		0DDFCBFB215A2ABB00F6EC3D /* MessagesDataSource.swift in Sources */ = {isa = PBXBuildFile; fileRef = 0DDFCBFA215A2ABA00F6EC3D /* MessagesDataSource.swift */; };
		0DE036A720F869FF001226D6 /* AppDelegate.swift in Sources */ = {isa = PBXBuildFile; fileRef = 0DE036A620F869FF001226D6 /* AppDelegate.swift */; };
		0DE036AC20F869FF001226D6 /* Main.storyboard in Resources */ = {isa = PBXBuildFile; fileRef = 0DE036AA20F869FF001226D6 /* Main.storyboard */; };
		0DE036AE20F86A01001226D6 /* Assets.xcassets in Resources */ = {isa = PBXBuildFile; fileRef = 0DE036AD20F86A01001226D6 /* Assets.xcassets */; };
		0DE036B120F86A01001226D6 /* LaunchScreen.storyboard in Resources */ = {isa = PBXBuildFile; fileRef = 0DE036AF20F86A01001226D6 /* LaunchScreen.storyboard */; };
		6B45AA95224A269100842527 /* VKApiServiceInterface.swift in Sources */ = {isa = PBXBuildFile; fileRef = 6B45AA94224A269100842527 /* VKApiServiceInterface.swift */; };
		6B45AA97224A28B500842527 /* VKApiServiceLoggingProxy.swift in Sources */ = {isa = PBXBuildFile; fileRef = 6B45AA96224A28B500842527 /* VKApiServiceLoggingProxy.swift */; };
		6BE03EF3223BDCE7007A280A /* VKServiceAdapter.swift in Sources */ = {isa = PBXBuildFile; fileRef = 6BE03EF2223BDCE7007A280A /* VKServiceAdapter.swift */; };
		6BE03EF5223BDE79007A280A /* UserFriend.swift in Sources */ = {isa = PBXBuildFile; fileRef = 6BE03EF4223BDE79007A280A /* UserFriend.swift */; };
		BE327768C3B4414471861A4E /* Pods_VKClient.framework in Frameworks */ = {isa = PBXBuildFile; fileRef = B226A68DB316CA21F8A5F0E6 /* Pods_VKClient.framework */; };
/* End PBXBuildFile section */

/* Begin PBXFileReference section */
		0D10B90121257EE50009D110 /* ChatsViewController.swift */ = {isa = PBXFileReference; lastKnownFileType = sourcecode.swift; path = ChatsViewController.swift; sourceTree = "<group>"; };
		0D10B903212582590009D110 /* Chat.swift */ = {isa = PBXFileReference; lastKnownFileType = sourcecode.swift; path = Chat.swift; sourceTree = "<group>"; };
		0D10B9052125A0CD0009D110 /* ChatsTableViewCell.swift */ = {isa = PBXFileReference; lastKnownFileType = sourcecode.swift; path = ChatsTableViewCell.swift; sourceTree = "<group>"; };
		0D19988C21180CF20096A064 /* FriendsPhoto.swift */ = {isa = PBXFileReference; lastKnownFileType = sourcecode.swift; path = FriendsPhoto.swift; sourceTree = "<group>"; };
		0D1A658F2106FDBF0047BFBB /* VKLoginViewController.swift */ = {isa = PBXFileReference; lastKnownFileType = sourcecode.swift; path = VKLoginViewController.swift; sourceTree = "<group>"; };
		0D1A65932106FEC50047BFBB /* VKAuthService.swift */ = {isa = PBXFileReference; lastKnownFileType = sourcecode.swift; path = VKAuthService.swift; sourceTree = "<group>"; };
		0D1A65952106FFA90047BFBB /* VKApiService.swift */ = {isa = PBXFileReference; lastKnownFileType = sourcecode.swift; path = VKApiService.swift; sourceTree = "<group>"; };
		0D1A65972107076D0047BFBB /* UserData.swift */ = {isa = PBXFileReference; lastKnownFileType = sourcecode.swift; path = UserData.swift; sourceTree = "<group>"; };
		0D21E45221059ED700496350 /* MyFriendPhotoCollectionViewController.swift */ = {isa = PBXFileReference; lastKnownFileType = sourcecode.swift; path = MyFriendPhotoCollectionViewController.swift; sourceTree = "<group>"; };
		0D21E45421059EFD00496350 /* FriendPhotoCollectionViewCell.swift */ = {isa = PBXFileReference; lastKnownFileType = sourcecode.swift; path = FriendPhotoCollectionViewCell.swift; sourceTree = "<group>"; };
		0D5C62B62101B6F8002F6786 /* MyFriendsTableViewController.swift */ = {isa = PBXFileReference; lastKnownFileType = sourcecode.swift; path = MyFriendsTableViewController.swift; sourceTree = "<group>"; };
		0D5C62B82101B70C002F6786 /* FriendTableViewCell.swift */ = {isa = PBXFileReference; lastKnownFileType = sourcecode.swift; path = FriendTableViewCell.swift; sourceTree = "<group>"; };
		0D5C62BB2101BB8C002F6786 /* MyGroupsTableViewController.swift */ = {isa = PBXFileReference; lastKnownFileType = sourcecode.swift; path = MyGroupsTableViewController.swift; sourceTree = "<group>"; };
		0D5C62BD2101BB9D002F6786 /* GroupTableViewCell.swift */ = {isa = PBXFileReference; lastKnownFileType = sourcecode.swift; path = GroupTableViewCell.swift; sourceTree = "<group>"; };
		0D5C62C021020BC9002F6786 /* AllGroupsTableViewCell.swift */ = {isa = PBXFileReference; lastKnownFileType = sourcecode.swift; path = AllGroupsTableViewCell.swift; sourceTree = "<group>"; };
		0D5C62C221020BE0002F6786 /* AllGroupsTableViewController.swift */ = {isa = PBXFileReference; lastKnownFileType = sourcecode.swift; path = AllGroupsTableViewController.swift; sourceTree = "<group>"; };
		0D6649722124448F0074B6B3 /* NewsFeedTableViewController.swift */ = {isa = PBXFileReference; lastKnownFileType = sourcecode.swift; path = NewsFeedTableViewController.swift; sourceTree = "<group>"; };
		0D664974212444C00074B6B3 /* NewsFeedPostTableViewCell.swift */ = {isa = PBXFileReference; lastKnownFileType = sourcecode.swift; path = NewsFeedPostTableViewCell.swift; sourceTree = "<group>"; };
		0D664976212444E10074B6B3 /* NewsFeedPhotoTableViewCell.swift */ = {isa = PBXFileReference; lastKnownFileType = sourcecode.swift; path = NewsFeedPhotoTableViewCell.swift; sourceTree = "<group>"; };
		0D664978212445B40074B6B3 /* News.swift */ = {isa = PBXFileReference; lastKnownFileType = sourcecode.swift; path = News.swift; sourceTree = "<group>"; };
		0D7AF9DC2119C9E70079A02F /* DataSource.swift */ = {isa = PBXFileReference; lastKnownFileType = sourcecode.swift; path = DataSource.swift; sourceTree = "<group>"; };
		0D84C94721176E310096D562 /* UIVeiw.swift */ = {isa = PBXFileReference; lastKnownFileType = sourcecode.swift; path = UIVeiw.swift; sourceTree = "<group>"; };
		0D84C9492117737D0096D562 /* DataBase.swift */ = {isa = PBXFileReference; lastKnownFileType = sourcecode.swift; path = DataBase.swift; sourceTree = "<group>"; };
		0DB0D3352125B5C100AF3029 /* Date+DateFormatter.swift */ = {isa = PBXFileReference; lastKnownFileType = sourcecode.swift; path = "Date+DateFormatter.swift"; sourceTree = "<group>"; };
		0DC6340C2158D0920085F072 /* MessagesViewController.swift */ = {isa = PBXFileReference; lastKnownFileType = sourcecode.swift; path = MessagesViewController.swift; sourceTree = "<group>"; };
		0DC6340E2158D0BB0085F072 /* OutcommingMessageTableViewCell.swift */ = {isa = PBXFileReference; lastKnownFileType = sourcecode.swift; path = OutcommingMessageTableViewCell.swift; sourceTree = "<group>"; };
		0DC634102158D0CF0085F072 /* IncommingMessageTableViewCell.swift */ = {isa = PBXFileReference; lastKnownFileType = sourcecode.swift; path = IncommingMessageTableViewCell.swift; sourceTree = "<group>"; };
		0DC634142158DCD20085F072 /* Message.swift */ = {isa = PBXFileReference; lastKnownFileType = sourcecode.swift; path = Message.swift; sourceTree = "<group>"; };
		0DC70B1C21070BAA009CA2AB /* Groups.swift */ = {isa = PBXFileReference; lastKnownFileType = sourcecode.swift; path = Groups.swift; sourceTree = "<group>"; };
		0DC70B1E21070BBD009CA2AB /* Friends.swift */ = {isa = PBXFileReference; lastKnownFileType = sourcecode.swift; path = Friends.swift; sourceTree = "<group>"; };
		0DCB814D2142808D0074D8FB /* GoogleService-Info.plist */ = {isa = PBXFileReference; fileEncoding = 4; lastKnownFileType = text.plist.xml; path = "GoogleService-Info.plist"; sourceTree = "<group>"; };
		0DCB814F214284780074D8FB /* FirebaseService.swift */ = {isa = PBXFileReference; lastKnownFileType = sourcecode.swift; path = FirebaseService.swift; sourceTree = "<group>"; };
		0DDFCBF4215A2A7700F6EC3D /* SaveMessagesOperation.swift */ = {isa = PBXFileReference; fileEncoding = 4; lastKnownFileType = sourcecode.swift; path = SaveMessagesOperation.swift; sourceTree = "<group>"; };
		0DDFCBF5215A2A7700F6EC3D /* GetMessagesOperation.swift */ = {isa = PBXFileReference; fileEncoding = 4; lastKnownFileType = sourcecode.swift; path = GetMessagesOperation.swift; sourceTree = "<group>"; };
		0DDFCBF6215A2A7700F6EC3D /* AsyncOperation.swift */ = {isa = PBXFileReference; fileEncoding = 4; lastKnownFileType = sourcecode.swift; path = AsyncOperation.swift; sourceTree = "<group>"; };
		0DDFCBFA215A2ABA00F6EC3D /* MessagesDataSource.swift */ = {isa = PBXFileReference; fileEncoding = 4; lastKnownFileType = sourcecode.swift; path = MessagesDataSource.swift; sourceTree = "<group>"; };
		0DE036A320F869FF001226D6 /* VKClient.app */ = {isa = PBXFileReference; explicitFileType = wrapper.application; includeInIndex = 0; path = VKClient.app; sourceTree = BUILT_PRODUCTS_DIR; };
		0DE036A620F869FF001226D6 /* AppDelegate.swift */ = {isa = PBXFileReference; lastKnownFileType = sourcecode.swift; path = AppDelegate.swift; sourceTree = "<group>"; };
		0DE036AB20F869FF001226D6 /* Base */ = {isa = PBXFileReference; lastKnownFileType = file.storyboard; name = Base; path = Base.lproj/Main.storyboard; sourceTree = "<group>"; };
		0DE036AD20F86A01001226D6 /* Assets.xcassets */ = {isa = PBXFileReference; lastKnownFileType = folder.assetcatalog; path = Assets.xcassets; sourceTree = "<group>"; };
		0DE036B020F86A01001226D6 /* Base */ = {isa = PBXFileReference; lastKnownFileType = file.storyboard; name = Base; path = Base.lproj/LaunchScreen.storyboard; sourceTree = "<group>"; };
		0DE036B220F86A01001226D6 /* Info.plist */ = {isa = PBXFileReference; lastKnownFileType = text.plist.xml; path = Info.plist; sourceTree = "<group>"; };
		366CD993120C3E78EB50D8F5 /* Pods-VKClient.debug.xcconfig */ = {isa = PBXFileReference; includeInIndex = 1; lastKnownFileType = text.xcconfig; name = "Pods-VKClient.debug.xcconfig"; path = "Pods/Target Support Files/Pods-VKClient/Pods-VKClient.debug.xcconfig"; sourceTree = "<group>"; };
		6B45AA94224A269100842527 /* VKApiServiceInterface.swift */ = {isa = PBXFileReference; lastKnownFileType = sourcecode.swift; path = VKApiServiceInterface.swift; sourceTree = "<group>"; };
		6B45AA96224A28B500842527 /* VKApiServiceLoggingProxy.swift */ = {isa = PBXFileReference; lastKnownFileType = sourcecode.swift; path = VKApiServiceLoggingProxy.swift; sourceTree = "<group>"; };
		6B45AA98224A2BD300842527 /* Coffee.playground */ = {isa = PBXFileReference; lastKnownFileType = file.playground; path = Coffee.playground; sourceTree = "<group>"; xcLanguageSpecificationIdentifier = xcode.lang.swift; };
		6BE03EF2223BDCE7007A280A /* VKServiceAdapter.swift */ = {isa = PBXFileReference; lastKnownFileType = sourcecode.swift; path = VKServiceAdapter.swift; sourceTree = "<group>"; };
		6BE03EF4223BDE79007A280A /* UserFriend.swift */ = {isa = PBXFileReference; lastKnownFileType = sourcecode.swift; path = UserFriend.swift; sourceTree = "<group>"; };
		B226A68DB316CA21F8A5F0E6 /* Pods_VKClient.framework */ = {isa = PBXFileReference; explicitFileType = wrapper.framework; includeInIndex = 0; path = Pods_VKClient.framework; sourceTree = BUILT_PRODUCTS_DIR; };
		C899A0DC04AD29AFBA21DAC1 /* Pods-VKClient.release.xcconfig */ = {isa = PBXFileReference; includeInIndex = 1; lastKnownFileType = text.xcconfig; name = "Pods-VKClient.release.xcconfig"; path = "Pods/Target Support Files/Pods-VKClient/Pods-VKClient.release.xcconfig"; sourceTree = "<group>"; };
/* End PBXFileReference section */

/* Begin PBXFrameworksBuildPhase section */
		0DE036A020F869FF001226D6 /* Frameworks */ = {
			isa = PBXFrameworksBuildPhase;
			buildActionMask = 2147483647;
			files = (
				BE327768C3B4414471861A4E /* Pods_VKClient.framework in Frameworks */,
			);
			runOnlyForDeploymentPostprocessing = 0;
		};
/* End PBXFrameworksBuildPhase section */

/* Begin PBXGroup section */
		0D10B8FF21254CFF0009D110 /* SupportFiles */ = {
			isa = PBXGroup;
			children = (
				0DCB814D2142808D0074D8FB /* GoogleService-Info.plist */,
				0DE036A620F869FF001226D6 /* AppDelegate.swift */,
				0DE036AD20F86A01001226D6 /* Assets.xcassets */,
				0DE036AF20F86A01001226D6 /* LaunchScreen.storyboard */,
				0DE036B220F86A01001226D6 /* Info.plist */,
			);
			name = SupportFiles;
			sourceTree = "<group>";
		};
		0D10B90021257EAE0009D110 /* Chats */ = {
			isa = PBXGroup;
			children = (
				0D10B90121257EE50009D110 /* ChatsViewController.swift */,
				0D10B9052125A0CD0009D110 /* ChatsTableViewCell.swift */,
			);
			path = Chats;
			sourceTree = "<group>";
		};
		0D1A658E2106FD4F0047BFBB /* Authorization */ = {
			isa = PBXGroup;
			children = (
				0D1A658F2106FDBF0047BFBB /* VKLoginViewController.swift */,
			);
			path = Authorization;
			sourceTree = "<group>";
		};
		0D1A65912106FEA30047BFBB /* Services */ = {
			isa = PBXGroup;
			children = (
				0DDFCBFA215A2ABA00F6EC3D /* MessagesDataSource.swift */,
				0DDFCBF3215A2A7700F6EC3D /* Operations */,
				0D1A65922106FEAC0047BFBB /* VKServices */,
				0D1A65972107076D0047BFBB /* UserData.swift */,
				0DCB814F214284780074D8FB /* FirebaseService.swift */,
			);
			path = Services;
			sourceTree = "<group>";
		};
		0D1A65922106FEAC0047BFBB /* VKServices */ = {
			isa = PBXGroup;
			children = (
				0D1A65932106FEC50047BFBB /* VKAuthService.swift */,
				0D1A65952106FFA90047BFBB /* VKApiService.swift */,
				6BE03EF2223BDCE7007A280A /* VKServiceAdapter.swift */,
				6B45AA94224A269100842527 /* VKApiServiceInterface.swift */,
				6B45AA96224A28B500842527 /* VKApiServiceLoggingProxy.swift */,
			);
			path = VKServices;
			sourceTree = "<group>";
		};
		0D5C62B52101B6D6002F6786 /* MyFriends */ = {
			isa = PBXGroup;
			children = (
				0D5C62B62101B6F8002F6786 /* MyFriendsTableViewController.swift */,
				0D5C62B82101B70C002F6786 /* FriendTableViewCell.swift */,
				0D21E45221059ED700496350 /* MyFriendPhotoCollectionViewController.swift */,
				0D21E45421059EFD00496350 /* FriendPhotoCollectionViewCell.swift */,
			);
			path = MyFriends;
			sourceTree = "<group>";
		};
		0D5C62BA2101BB65002F6786 /* MyGroups */ = {
			isa = PBXGroup;
			children = (
				0D5C62BB2101BB8C002F6786 /* MyGroupsTableViewController.swift */,
				0D5C62BD2101BB9D002F6786 /* GroupTableViewCell.swift */,
			);
			path = MyGroups;
			sourceTree = "<group>";
		};
		0D5C62BF21020BB0002F6786 /* AllGroups */ = {
			isa = PBXGroup;
			children = (
				0D5C62C221020BE0002F6786 /* AllGroupsTableViewController.swift */,
				0D5C62C021020BC9002F6786 /* AllGroupsTableViewCell.swift */,
			);
			path = AllGroups;
			sourceTree = "<group>";
		};
		0D664971212443DF0074B6B3 /* NewsFeed */ = {
			isa = PBXGroup;
			children = (
				0D6649722124448F0074B6B3 /* NewsFeedTableViewController.swift */,
				0D664974212444C00074B6B3 /* NewsFeedPostTableViewCell.swift */,
				0D664976212444E10074B6B3 /* NewsFeedPhotoTableViewCell.swift */,
			);
			path = NewsFeed;
			sourceTree = "<group>";
		};
		0D84C94621176E040096D562 /* Extensions */ = {
			isa = PBXGroup;
			children = (
				0D84C94721176E310096D562 /* UIVeiw.swift */,
				0DB0D3352125B5C100AF3029 /* Date+DateFormatter.swift */,
			);
			name = Extensions;
			sourceTree = "<group>";
		};
		0DC6340A2158D0120085F072 /* Messages */ = {
			isa = PBXGroup;
			children = (
				0DC6340C2158D0920085F072 /* MessagesViewController.swift */,
				0DC6340E2158D0BB0085F072 /* OutcommingMessageTableViewCell.swift */,
				0DC634102158D0CF0085F072 /* IncommingMessageTableViewCell.swift */,
			);
			path = Messages;
			sourceTree = "<group>";
		};
		0DC6340B2158D02C0085F072 /* ViewControllers */ = {
			isa = PBXGroup;
			children = (
				0D5C62B52101B6D6002F6786 /* MyFriends */,
				0D5C62BA2101BB65002F6786 /* MyGroups */,
				0D5C62BF21020BB0002F6786 /* AllGroups */,
				0D664971212443DF0074B6B3 /* NewsFeed */,
				0D10B90021257EAE0009D110 /* Chats */,
				0DC6340A2158D0120085F072 /* Messages */,
			);
			path = ViewControllers;
			sourceTree = "<group>";
		};
		0DC70B1B21070B97009CA2AB /* DataModels */ = {
			isa = PBXGroup;
			children = (
				0D84C9492117737D0096D562 /* DataBase.swift */,
				0D7AF9DC2119C9E70079A02F /* DataSource.swift */,
				6BE03EF6223BDED6007A280A /* RLMObjects */,
				6BE03EF4223BDE79007A280A /* UserFriend.swift */,
			);
			path = DataModels;
			sourceTree = "<group>";
		};
		0DDFCBF3215A2A7700F6EC3D /* Operations */ = {
			isa = PBXGroup;
			children = (
				0DDFCBF4215A2A7700F6EC3D /* SaveMessagesOperation.swift */,
				0DDFCBF5215A2A7700F6EC3D /* GetMessagesOperation.swift */,
				0DDFCBF6215A2A7700F6EC3D /* AsyncOperation.swift */,
			);
			path = Operations;
			sourceTree = "<group>";
		};
		0DE0369A20F869FF001226D6 = {
			isa = PBXGroup;
			children = (
				0DE036A520F869FF001226D6 /* VKClient */,
				0DE036A420F869FF001226D6 /* Products */,
				E141F4FBFA811FB778B7B49A /* Pods */,
				5BC581A7E904738874E4D845 /* Frameworks */,
			);
			sourceTree = "<group>";
		};
		0DE036A420F869FF001226D6 /* Products */ = {
			isa = PBXGroup;
			children = (
				0DE036A320F869FF001226D6 /* VKClient.app */,
			);
			name = Products;
			sourceTree = "<group>";
		};
		0DE036A520F869FF001226D6 /* VKClient */ = {
			isa = PBXGroup;
			children = (
				0DC6340B2158D02C0085F072 /* ViewControllers */,
				0D10B8FF21254CFF0009D110 /* SupportFiles */,
				0D84C94621176E040096D562 /* Extensions */,
				0DC70B1B21070B97009CA2AB /* DataModels */,
				0D1A65912106FEA30047BFBB /* Services */,
				0D1A658E2106FD4F0047BFBB /* Authorization */,
				0DE036AA20F869FF001226D6 /* Main.storyboard */,
				6B45AA98224A2BD300842527 /* Coffee.playground */,
			);
			path = VKClient;
			sourceTree = "<group>";
		};
		5BC581A7E904738874E4D845 /* Frameworks */ = {
			isa = PBXGroup;
			children = (
				B226A68DB316CA21F8A5F0E6 /* Pods_VKClient.framework */,
			);
			name = Frameworks;
			sourceTree = "<group>";
		};
		6BE03EF6223BDED6007A280A /* RLMObjects */ = {
			isa = PBXGroup;
			children = (
				0DC70B1C21070BAA009CA2AB /* Groups.swift */,
				0DC70B1E21070BBD009CA2AB /* Friends.swift */,
				0D10B903212582590009D110 /* Chat.swift */,
				0D664978212445B40074B6B3 /* News.swift */,
				0D19988C21180CF20096A064 /* FriendsPhoto.swift */,
				0DC634142158DCD20085F072 /* Message.swift */,
			);
			path = RLMObjects;
			sourceTree = "<group>";
		};
		E141F4FBFA811FB778B7B49A /* Pods */ = {
			isa = PBXGroup;
			children = (
				366CD993120C3E78EB50D8F5 /* Pods-VKClient.debug.xcconfig */,
				C899A0DC04AD29AFBA21DAC1 /* Pods-VKClient.release.xcconfig */,
			);
			name = Pods;
			sourceTree = "<group>";
		};
/* End PBXGroup section */

/* Begin PBXNativeTarget section */
		0DE036A220F869FF001226D6 /* VKClient */ = {
			isa = PBXNativeTarget;
			buildConfigurationList = 0DE036B520F86A01001226D6 /* Build configuration list for PBXNativeTarget "VKClient" */;
			buildPhases = (
				61CDBDF2E43C8E2134E5FBF5 /* [CP] Check Pods Manifest.lock */,
				0DE0369F20F869FF001226D6 /* Sources */,
				0DE036A020F869FF001226D6 /* Frameworks */,
				0DE036A120F869FF001226D6 /* Resources */,
				46EB2295B45953B5AEFADF32 /* [CP] Embed Pods Frameworks */,
				97363F0B509BE9EB9659875F /* [CP] Copy Pods Resources */,
			);
			buildRules = (
			);
			dependencies = (
			);
			name = VKClient;
			productName = VKClient;
			productReference = 0DE036A320F869FF001226D6 /* VKClient.app */;
			productType = "com.apple.product-type.application";
		};
/* End PBXNativeTarget section */

/* Begin PBXProject section */
		0DE0369B20F869FF001226D6 /* Project object */ = {
			isa = PBXProject;
			attributes = {
				LastSwiftUpdateCheck = 0940;
				LastUpgradeCheck = 0940;
				ORGANIZATIONNAME = "Фирма ЛИСТ";
				TargetAttributes = {
					0DE036A220F869FF001226D6 = {
						CreatedOnToolsVersion = 9.4.1;
						LastSwiftMigration = 1000;
					};
				};
			};
			buildConfigurationList = 0DE0369E20F869FF001226D6 /* Build configuration list for PBXProject "VKClient" */;
			compatibilityVersion = "Xcode 9.3";
			developmentRegion = en;
			hasScannedForEncodings = 0;
			knownRegions = (
				en,
				Base,
			);
			mainGroup = 0DE0369A20F869FF001226D6;
			productRefGroup = 0DE036A420F869FF001226D6 /* Products */;
			projectDirPath = "";
			projectRoot = "";
			targets = (
				0DE036A220F869FF001226D6 /* VKClient */,
			);
		};
/* End PBXProject section */

/* Begin PBXResourcesBuildPhase section */
		0DE036A120F869FF001226D6 /* Resources */ = {
			isa = PBXResourcesBuildPhase;
			buildActionMask = 2147483647;
			files = (
				0DE036B120F86A01001226D6 /* LaunchScreen.storyboard in Resources */,
				0DCB814E2142808D0074D8FB /* GoogleService-Info.plist in Resources */,
				0DE036AE20F86A01001226D6 /* Assets.xcassets in Resources */,
				0DE036AC20F869FF001226D6 /* Main.storyboard in Resources */,
			);
			runOnlyForDeploymentPostprocessing = 0;
		};
/* End PBXResourcesBuildPhase section */

/* Begin PBXShellScriptBuildPhase section */
		46EB2295B45953B5AEFADF32 /* [CP] Embed Pods Frameworks */ = {
			isa = PBXShellScriptBuildPhase;
			buildActionMask = 2147483647;
			files = (
			);
			inputPaths = (
				"${SRCROOT}/Pods/Target Support Files/Pods-VKClient/Pods-VKClient-frameworks.sh",
				"${BUILT_PRODUCTS_DIR}/Alamofire/Alamofire.framework",
				"${BUILT_PRODUCTS_DIR}/GTMSessionFetcher/GTMSessionFetcher.framework",
				"${BUILT_PRODUCTS_DIR}/GoogleUtilities/GoogleUtilities.framework",
				"${BUILT_PRODUCTS_DIR}/Kingfisher/Kingfisher.framework",
				"${BUILT_PRODUCTS_DIR}/Realm/Realm.framework",
				"${BUILT_PRODUCTS_DIR}/RealmSwift/RealmSwift.framework",
				"${BUILT_PRODUCTS_DIR}/leveldb-library/leveldb.framework",
				"${BUILT_PRODUCTS_DIR}/nanopb/nanopb.framework",
			);
			name = "[CP] Embed Pods Frameworks";
			outputPaths = (
				"${TARGET_BUILD_DIR}/${FRAMEWORKS_FOLDER_PATH}/Alamofire.framework",
				"${TARGET_BUILD_DIR}/${FRAMEWORKS_FOLDER_PATH}/GTMSessionFetcher.framework",
				"${TARGET_BUILD_DIR}/${FRAMEWORKS_FOLDER_PATH}/GoogleUtilities.framework",
				"${TARGET_BUILD_DIR}/${FRAMEWORKS_FOLDER_PATH}/Kingfisher.framework",
				"${TARGET_BUILD_DIR}/${FRAMEWORKS_FOLDER_PATH}/Realm.framework",
				"${TARGET_BUILD_DIR}/${FRAMEWORKS_FOLDER_PATH}/RealmSwift.framework",
				"${TARGET_BUILD_DIR}/${FRAMEWORKS_FOLDER_PATH}/leveldb.framework",
				"${TARGET_BUILD_DIR}/${FRAMEWORKS_FOLDER_PATH}/nanopb.framework",
			);
			runOnlyForDeploymentPostprocessing = 0;
			shellPath = /bin/sh;
			shellScript = "\"${SRCROOT}/Pods/Target Support Files/Pods-VKClient/Pods-VKClient-frameworks.sh\"\n";
			showEnvVarsInLog = 0;
		};
		61CDBDF2E43C8E2134E5FBF5 /* [CP] Check Pods Manifest.lock */ = {
			isa = PBXShellScriptBuildPhase;
			buildActionMask = 2147483647;
			files = (
			);
			inputPaths = (
				"${PODS_PODFILE_DIR_PATH}/Podfile.lock",
				"${PODS_ROOT}/Manifest.lock",
			);
			name = "[CP] Check Pods Manifest.lock";
			outputPaths = (
				"$(DERIVED_FILE_DIR)/Pods-VKClient-checkManifestLockResult.txt",
			);
			runOnlyForDeploymentPostprocessing = 0;
			shellPath = /bin/sh;
			shellScript = "diff \"${PODS_PODFILE_DIR_PATH}/Podfile.lock\" \"${PODS_ROOT}/Manifest.lock\" > /dev/null\nif [ $? != 0 ] ; then\n    # print error to STDERR\n    echo \"error: The sandbox is not in sync with the Podfile.lock. Run 'pod install' or update your CocoaPods installation.\" >&2\n    exit 1\nfi\n# This output is used by Xcode 'outputs' to avoid re-running this script phase.\necho \"SUCCESS\" > \"${SCRIPT_OUTPUT_FILE_0}\"\n";
			showEnvVarsInLog = 0;
		};
		97363F0B509BE9EB9659875F /* [CP] Copy Pods Resources */ = {
			isa = PBXShellScriptBuildPhase;
			buildActionMask = 2147483647;
			files = (
			);
			inputPaths = (
			);
			name = "[CP] Copy Pods Resources";
			outputPaths = (
			);
			runOnlyForDeploymentPostprocessing = 0;
			shellPath = /bin/sh;
			shellScript = "\"${SRCROOT}/Pods/Target Support Files/Pods-VKClient/Pods-VKClient-resources.sh\"\n";
			showEnvVarsInLog = 0;
		};
/* End PBXShellScriptBuildPhase section */

/* Begin PBXSourcesBuildPhase section */
		0DE0369F20F869FF001226D6 /* Sources */ = {
			isa = PBXSourcesBuildPhase;
			buildActionMask = 2147483647;
			files = (
				0D84C94821176E310096D562 /* UIVeiw.swift in Sources */,
				0DC6340F2158D0BB0085F072 /* OutcommingMessageTableViewCell.swift in Sources */,
				0DDFCBF7215A2A7700F6EC3D /* SaveMessagesOperation.swift in Sources */,
				0D7AF9DD2119C9E70079A02F /* DataSource.swift in Sources */,
				0D21E45321059ED700496350 /* MyFriendPhotoCollectionViewController.swift in Sources */,
				6BE03EF3223BDCE7007A280A /* VKServiceAdapter.swift in Sources */,
				6B45AA97224A28B500842527 /* VKApiServiceLoggingProxy.swift in Sources */,
				0D10B904212582590009D110 /* Chat.swift in Sources */,
				0D19988D21180CF20096A064 /* FriendsPhoto.swift in Sources */,
				0D21E45521059EFD00496350 /* FriendPhotoCollectionViewCell.swift in Sources */,
				0D1A65982107076D0047BFBB /* UserData.swift in Sources */,
				0D84C94A2117737D0096D562 /* DataBase.swift in Sources */,
				0DC70B1F21070BBD009CA2AB /* Friends.swift in Sources */,
				0D6649732124448F0074B6B3 /* NewsFeedTableViewController.swift in Sources */,
				0D5C62C321020BE0002F6786 /* AllGroupsTableViewController.swift in Sources */,
				0DDFCBF9215A2A7700F6EC3D /* AsyncOperation.swift in Sources */,
				0DE036A720F869FF001226D6 /* AppDelegate.swift in Sources */,
				0DC634152158DCD20085F072 /* Message.swift in Sources */,
				0D5C62BC2101BB8C002F6786 /* MyGroupsTableViewController.swift in Sources */,
				0DDFCBF8215A2A7700F6EC3D /* GetMessagesOperation.swift in Sources */,
				0D664977212444E10074B6B3 /* NewsFeedPhotoTableViewCell.swift in Sources */,
				0D5C62BE2101BB9D002F6786 /* GroupTableViewCell.swift in Sources */,
				0DC634112158D0CF0085F072 /* IncommingMessageTableViewCell.swift in Sources */,
				0D5C62B72101B6F8002F6786 /* MyFriendsTableViewController.swift in Sources */,
				0DDFCBFB215A2ABB00F6EC3D /* MessagesDataSource.swift in Sources */,
				0D5C62B92101B70C002F6786 /* FriendTableViewCell.swift in Sources */,
				0DC70B1D21070BAA009CA2AB /* Groups.swift in Sources */,
				0DCB8150214284780074D8FB /* FirebaseService.swift in Sources */,
				0DC6340D2158D0920085F072 /* MessagesViewController.swift in Sources */,
				0DB0D3362125B5C100AF3029 /* Date+DateFormatter.swift in Sources */,
				6B45AA95224A269100842527 /* VKApiServiceInterface.swift in Sources */,
				0D664975212444C00074B6B3 /* NewsFeedPostTableViewCell.swift in Sources */,
				6BE03EF5223BDE79007A280A /* UserFriend.swift in Sources */,
				0D664979212445B40074B6B3 /* News.swift in Sources */,
				0D1A65902106FDBF0047BFBB /* VKLoginViewController.swift in Sources */,
				0D1A65962106FFA90047BFBB /* VKApiService.swift in Sources */,
				0D1A65942106FEC50047BFBB /* VKAuthService.swift in Sources */,
				0D10B9062125A0CD0009D110 /* ChatsTableViewCell.swift in Sources */,
				0D10B90221257EE50009D110 /* ChatsViewController.swift in Sources */,
				0D5C62C121020BC9002F6786 /* AllGroupsTableViewCell.swift in Sources */,
			);
			runOnlyForDeploymentPostprocessing = 0;
		};
/* End PBXSourcesBuildPhase section */

/* Begin PBXVariantGroup section */
		0DE036AA20F869FF001226D6 /* Main.storyboard */ = {
			isa = PBXVariantGroup;
			children = (
				0DE036AB20F869FF001226D6 /* Base */,
			);
			name = Main.storyboard;
			sourceTree = "<group>";
		};
		0DE036AF20F86A01001226D6 /* LaunchScreen.storyboard */ = {
			isa = PBXVariantGroup;
			children = (
				0DE036B020F86A01001226D6 /* Base */,
			);
			name = LaunchScreen.storyboard;
			sourceTree = "<group>";
		};
/* End PBXVariantGroup section */

/* Begin XCBuildConfiguration section */
		0DE036B320F86A01001226D6 /* Debug */ = {
			isa = XCBuildConfiguration;
			buildSettings = {
				ALWAYS_SEARCH_USER_PATHS = NO;
				CLANG_ANALYZER_NONNULL = YES;
				CLANG_ANALYZER_NUMBER_OBJECT_CONVERSION = YES_AGGRESSIVE;
				CLANG_CXX_LANGUAGE_STANDARD = "gnu++14";
				CLANG_CXX_LIBRARY = "libc++";
				CLANG_ENABLE_MODULES = YES;
				CLANG_ENABLE_OBJC_ARC = YES;
				CLANG_ENABLE_OBJC_WEAK = YES;
				CLANG_WARN_BLOCK_CAPTURE_AUTORELEASING = YES;
				CLANG_WARN_BOOL_CONVERSION = YES;
				CLANG_WARN_COMMA = YES;
				CLANG_WARN_CONSTANT_CONVERSION = YES;
				CLANG_WARN_DEPRECATED_OBJC_IMPLEMENTATIONS = YES;
				CLANG_WARN_DIRECT_OBJC_ISA_USAGE = YES_ERROR;
				CLANG_WARN_DOCUMENTATION_COMMENTS = YES;
				CLANG_WARN_EMPTY_BODY = YES;
				CLANG_WARN_ENUM_CONVERSION = YES;
				CLANG_WARN_INFINITE_RECURSION = YES;
				CLANG_WARN_INT_CONVERSION = YES;
				CLANG_WARN_NON_LITERAL_NULL_CONVERSION = YES;
				CLANG_WARN_OBJC_IMPLICIT_RETAIN_SELF = YES;
				CLANG_WARN_OBJC_LITERAL_CONVERSION = YES;
				CLANG_WARN_OBJC_ROOT_CLASS = YES_ERROR;
				CLANG_WARN_RANGE_LOOP_ANALYSIS = YES;
				CLANG_WARN_STRICT_PROTOTYPES = YES;
				CLANG_WARN_SUSPICIOUS_MOVE = YES;
				CLANG_WARN_UNGUARDED_AVAILABILITY = YES_AGGRESSIVE;
				CLANG_WARN_UNREACHABLE_CODE = YES;
				CLANG_WARN__DUPLICATE_METHOD_MATCH = YES;
				CODE_SIGN_IDENTITY = "iPhone Developer";
				COPY_PHASE_STRIP = NO;
				DEBUG_INFORMATION_FORMAT = dwarf;
				ENABLE_STRICT_OBJC_MSGSEND = YES;
				ENABLE_TESTABILITY = YES;
				GCC_C_LANGUAGE_STANDARD = gnu11;
				GCC_DYNAMIC_NO_PIC = NO;
				GCC_NO_COMMON_BLOCKS = YES;
				GCC_OPTIMIZATION_LEVEL = 0;
				GCC_PREPROCESSOR_DEFINITIONS = (
					"DEBUG=1",
					"$(inherited)",
				);
				GCC_WARN_64_TO_32_BIT_CONVERSION = YES;
				GCC_WARN_ABOUT_RETURN_TYPE = YES_ERROR;
				GCC_WARN_UNDECLARED_SELECTOR = YES;
				GCC_WARN_UNINITIALIZED_AUTOS = YES_AGGRESSIVE;
				GCC_WARN_UNUSED_FUNCTION = YES;
				GCC_WARN_UNUSED_VARIABLE = YES;
				IPHONEOS_DEPLOYMENT_TARGET = 11.4;
				MTL_ENABLE_DEBUG_INFO = YES;
				ONLY_ACTIVE_ARCH = YES;
				SDKROOT = iphoneos;
				SWIFT_ACTIVE_COMPILATION_CONDITIONS = DEBUG;
				SWIFT_OPTIMIZATION_LEVEL = "-Onone";
			};
			name = Debug;
		};
		0DE036B420F86A01001226D6 /* Release */ = {
			isa = XCBuildConfiguration;
			buildSettings = {
				ALWAYS_SEARCH_USER_PATHS = NO;
				CLANG_ANALYZER_NONNULL = YES;
				CLANG_ANALYZER_NUMBER_OBJECT_CONVERSION = YES_AGGRESSIVE;
				CLANG_CXX_LANGUAGE_STANDARD = "gnu++14";
				CLANG_CXX_LIBRARY = "libc++";
				CLANG_ENABLE_MODULES = YES;
				CLANG_ENABLE_OBJC_ARC = YES;
				CLANG_ENABLE_OBJC_WEAK = YES;
				CLANG_WARN_BLOCK_CAPTURE_AUTORELEASING = YES;
				CLANG_WARN_BOOL_CONVERSION = YES;
				CLANG_WARN_COMMA = YES;
				CLANG_WARN_CONSTANT_CONVERSION = YES;
				CLANG_WARN_DEPRECATED_OBJC_IMPLEMENTATIONS = YES;
				CLANG_WARN_DIRECT_OBJC_ISA_USAGE = YES_ERROR;
				CLANG_WARN_DOCUMENTATION_COMMENTS = YES;
				CLANG_WARN_EMPTY_BODY = YES;
				CLANG_WARN_ENUM_CONVERSION = YES;
				CLANG_WARN_INFINITE_RECURSION = YES;
				CLANG_WARN_INT_CONVERSION = YES;
				CLANG_WARN_NON_LITERAL_NULL_CONVERSION = YES;
				CLANG_WARN_OBJC_IMPLICIT_RETAIN_SELF = YES;
				CLANG_WARN_OBJC_LITERAL_CONVERSION = YES;
				CLANG_WARN_OBJC_ROOT_CLASS = YES_ERROR;
				CLANG_WARN_RANGE_LOOP_ANALYSIS = YES;
				CLANG_WARN_STRICT_PROTOTYPES = YES;
				CLANG_WARN_SUSPICIOUS_MOVE = YES;
				CLANG_WARN_UNGUARDED_AVAILABILITY = YES_AGGRESSIVE;
				CLANG_WARN_UNREACHABLE_CODE = YES;
				CLANG_WARN__DUPLICATE_METHOD_MATCH = YES;
				CODE_SIGN_IDENTITY = "iPhone Developer";
				COPY_PHASE_STRIP = NO;
				DEBUG_INFORMATION_FORMAT = "dwarf-with-dsym";
				ENABLE_NS_ASSERTIONS = NO;
				ENABLE_STRICT_OBJC_MSGSEND = YES;
				GCC_C_LANGUAGE_STANDARD = gnu11;
				GCC_NO_COMMON_BLOCKS = YES;
				GCC_WARN_64_TO_32_BIT_CONVERSION = YES;
				GCC_WARN_ABOUT_RETURN_TYPE = YES_ERROR;
				GCC_WARN_UNDECLARED_SELECTOR = YES;
				GCC_WARN_UNINITIALIZED_AUTOS = YES_AGGRESSIVE;
				GCC_WARN_UNUSED_FUNCTION = YES;
				GCC_WARN_UNUSED_VARIABLE = YES;
				IPHONEOS_DEPLOYMENT_TARGET = 11.4;
				MTL_ENABLE_DEBUG_INFO = NO;
				SDKROOT = iphoneos;
				SWIFT_COMPILATION_MODE = wholemodule;
				SWIFT_OPTIMIZATION_LEVEL = "-O";
				VALIDATE_PRODUCT = YES;
			};
			name = Release;
		};
		0DE036B620F86A01001226D6 /* Debug */ = {
			isa = XCBuildConfiguration;
			baseConfigurationReference = 366CD993120C3E78EB50D8F5 /* Pods-VKClient.debug.xcconfig */;
			buildSettings = {
				ASSETCATALOG_COMPILER_APPICON_NAME = AppIcon;
				CODE_SIGN_STYLE = Automatic;
				DEVELOPMENT_TEAM = U4RHMF78FV;
				INFOPLIST_FILE = VKClient/Info.plist;
				LD_RUNPATH_SEARCH_PATHS = (
					"$(inherited)",
					"@executable_path/Frameworks",
				);
				PRODUCT_BUNDLE_IDENTIFIER = com.fs.education.iosfacultet.VKClient;
				PRODUCT_NAME = "$(TARGET_NAME)";
				SWIFT_VERSION = 4.2;
				TARGETED_DEVICE_FAMILY = "1,2";
			};
			name = Debug;
		};
		0DE036B720F86A01001226D6 /* Release */ = {
			isa = XCBuildConfiguration;
			baseConfigurationReference = C899A0DC04AD29AFBA21DAC1 /* Pods-VKClient.release.xcconfig */;
			buildSettings = {
				ASSETCATALOG_COMPILER_APPICON_NAME = AppIcon;
				CODE_SIGN_STYLE = Automatic;
				DEVELOPMENT_TEAM = U4RHMF78FV;
				INFOPLIST_FILE = VKClient/Info.plist;
				LD_RUNPATH_SEARCH_PATHS = (
					"$(inherited)",
					"@executable_path/Frameworks",
				);
				PRODUCT_BUNDLE_IDENTIFIER = com.fs.education.iosfacultet.VKClient;
				PRODUCT_NAME = "$(TARGET_NAME)";
				SWIFT_VERSION = 4.2;
				TARGETED_DEVICE_FAMILY = "1,2";
			};
			name = Release;
		};
/* End XCBuildConfiguration section */

/* Begin XCConfigurationList section */
		0DE0369E20F869FF001226D6 /* Build configuration list for PBXProject "VKClient" */ = {
			isa = XCConfigurationList;
			buildConfigurations = (
				0DE036B320F86A01001226D6 /* Debug */,
				0DE036B420F86A01001226D6 /* Release */,
			);
			defaultConfigurationIsVisible = 0;
			defaultConfigurationName = Release;
		};
		0DE036B520F86A01001226D6 /* Build configuration list for PBXNativeTarget "VKClient" */ = {
			isa = XCConfigurationList;
			buildConfigurations = (
				0DE036B620F86A01001226D6 /* Debug */,
				0DE036B720F86A01001226D6 /* Release */,
			);
			defaultConfigurationIsVisible = 0;
			defaultConfigurationName = Release;
		};
/* End XCConfigurationList section */
	};
	rootObject = 0DE0369B20F869FF001226D6 /* Project object */;
}
